
Microsoft Visual Studio Solution File, Format Version 10.00
# Visual C# Express 2008
Project("{FAE04EC0-301F-11D3-BF4B-00C04F79EFBC}") = "NetSettingsSet2", "NetSettingsSet2\NetSettingsSet2.csproj", "{48383C0D-318D-4D05-8BC8-8FC58947380D}"
EndProject
Global
	GlobalSection(SolutionConfigurationPlatforms) = preSolution
		Debug|Any CPU = Debug|Any CPU
		Release|Any CPU = Release|Any CPU
	EndGlobalSection
	GlobalSection(ProjectConfigurationPlatforms) = postSolution
		{48383C0D-318D-4D05-8BC8-8FC58947380D}.Debug|Any CPU.ActiveCfg = Debug|Any CPU
		{48383C0D-318D-4D05-8BC8-8FC58947380D}.Debug|Any CPU.Build.0 = Debug|Any CPU
		{48383C0D-318D-4D05-8BC8-8FC58947380D}.Release|Any CPU.ActiveCfg = Release|Any CPU
		{48383C0D-318D-4D05-8BC8-8FC58947380D}.Release|Any CPU.Build.0 = Release|Any CPU
	EndGlobalSection
	GlobalSection(SolutionProperties) = preSolution
		HideSolutionNode = FALSE
	EndGlobalSection
EndGlobal
