
Microsoft Visual Studio Solution File, Format Version 10.00
# Visual C++ Express 2008
Project("{8BC9CEB8-8B4A-11D0-8D11-00A0C91BC942}") = "lua-clr", "lua-clr\lua-clr.vcproj", "{B2EDA660-C4F0-43E4-AB5C-A1C4DA1BB888}"
EndProject
Global
	GlobalSection(SolutionConfigurationPlatforms) = preSolution
		Debug|Win32 = Debug|Win32
		Release|Win32 = Release|Win32
	EndGlobalSection
	GlobalSection(ProjectConfigurationPlatforms) = postSolution
		{B2EDA660-C4F0-43E4-AB5C-A1C4DA1BB888}.Debug|Win32.ActiveCfg = Debug|Win32
		{B2EDA660-C4F0-43E4-AB5C-A1C4DA1BB888}.Debug|Win32.Build.0 = Debug|Win32
		{B2EDA660-C4F0-43E4-AB5C-A1C4DA1BB888}.Release|Win32.ActiveCfg = Release|Win32
		{B2EDA660-C4F0-43E4-AB5C-A1C4DA1BB888}.Release|Win32.Build.0 = Release|Win32
	EndGlobalSection
	GlobalSection(SolutionProperties) = preSolution
		HideSolutionNode = FALSE
	EndGlobalSection
EndGlobal
