<?xml version="1.0" encoding="utf-8"?>
<Project ToolsVersion="4.0" xmlns="http://schemas.microsoft.com/developer/msbuild/2003">
  <ItemGroup>
    <Filter Include="src">
      <UniqueIdentifier>{4FC737F1-C7A5-4376-A066-2A32D752A2FF}</UniqueIdentifier>
      <Extensions>cpp;c;cc;cxx;def;odl;idl;hpj;bat;asm;asmx</Extensions>
    </Filter>
    <Filter Include="tools">
      <UniqueIdentifier>{b36b8744-a796-43dc-b3e1-2658118091bf}</UniqueIdentifier>
    </Filter>
    <Filter Include="src\point">
      <UniqueIdentifier>{23123664-1838-40dd-be51-fae19d1c8d0e}</UniqueIdentifier>
    </Filter>
  </ItemGroup>
  <ItemGroup>
    <ClCompile Include="..\..\..\..\third_party\fused-src\gmock-gtest-all.cc">
      <Filter>tools</Filter>
    </ClCompile>
    <ClCompile Include="..\..\src\launcher_process.cc" />
    <ClCompile Include="..\..\src\process.cc">
      <Filter>src</Filter>
    </ClCompile>
    <ClCompile Include="..\..\src\point.cc">
      <Filter>src</Filter>
    </ClCompile>
    <ClCompile Include="..\..\src\test_extended\process_test_ext_test.cc">
      <Filter>src</Filter>
    </ClCompile>
    <ClCompile Include="..\..\src\test_extended\process_test_ext.cc">
      <Filter>src</Filter>
    </ClCompile>
    <ClCompile Include="..\..\src\point_expose_test.cc">
      <Filter>src</Filter>
    </ClCompile>
    <ClCompile Include="..\..\src\v8_wrapper.cc">
      <Filter>src</Filter>
    </ClCompile>
    <ClCompile Include="..\..\src\database_manipulations.cc">
      <Filter>src</Filter>
    </ClCompile>
    <ClCompile Include="..\..\src\process_test.cc">
      <Filter>src</Filter>
    </ClCompile>
    <ClCompile Include="..\..\src\js_request.cc">
      <Filter>src</Filter>
    </ClCompile>
    <ClCompile Include="..\..\src\point_engine_test.cc">
      <Filter>src</Filter>
    </ClCompile>
    <ClCompile Include="..\..\src\point\engine_cut_persistents.cc">
      <Filter>src\point</Filter>
    </ClCompile>
  </ItemGroup>
  <ItemGroup>
    <ClInclude Include="..\..\src\test_extended\process_test_ext.h">
      <Filter>src</Filter>
    </ClInclude>
    <ClInclude Include="..\..\src\point\point_engines.h">
      <Filter>src\point</Filter>
    </ClInclude>
  </ItemGroup>
</Project>