
Microsoft Visual Studio Solution File, Format Version 10.00
# Visual C# Express 2008
Project("{FAE04EC0-301F-11D3-BF4B-00C04F79EFBC}") = "SumExpToMif", "SumExpToMif\SumExpToMif.csproj", "{59400A85-BBF3-41C2-8C43-21B2D861C8DA}"
EndProject
Global
	GlobalSection(SolutionConfigurationPlatforms) = preSolution
		Debug|Any CPU = Debug|Any CPU
		Release|Any CPU = Release|Any CPU
	EndGlobalSection
	GlobalSection(ProjectConfigurationPlatforms) = postSolution
		{59400A85-BBF3-41C2-8C43-21B2D861C8DA}.Debug|Any CPU.ActiveCfg = Debug|Any CPU
		{59400A85-BBF3-41C2-8C43-21B2D861C8DA}.Debug|Any CPU.Build.0 = Debug|Any CPU
		{59400A85-BBF3-41C2-8C43-21B2D861C8DA}.Release|Any CPU.ActiveCfg = Release|Any CPU
		{59400A85-BBF3-41C2-8C43-21B2D861C8DA}.Release|Any CPU.Build.0 = Release|Any CPU
	EndGlobalSection
	GlobalSection(SolutionProperties) = preSolution
		HideSolutionNode = FALSE
	EndGlobalSection
EndGlobal
