
Microsoft Visual Studio Solution File, Format Version 10.00
# Visual C++ Express 2008
Project("{8BC9CEB8-8B4A-11D0-8D11-00A0C91BC942}") = "shard-cpp-test", "shard-cpp-test.vcproj", "{9C75B1A1-AC72-4382-B58D-DB64E1E7E881}"
EndProject
Global
	GlobalSection(SolutionConfigurationPlatforms) = preSolution
		Debug|Win32 = Debug|Win32
		ParalleledTests|Win32 = ParalleledTests|Win32
		Release|Win32 = Release|Win32
	EndGlobalSection
	GlobalSection(ProjectConfigurationPlatforms) = postSolution
		{9C75B1A1-AC72-4382-B58D-DB64E1E7E881}.Debug|Win32.ActiveCfg = Debug|Win32
		{9C75B1A1-AC72-4382-B58D-DB64E1E7E881}.Debug|Win32.Build.0 = Debug|Win32
		{9C75B1A1-AC72-4382-B58D-DB64E1E7E881}.ParalleledTests|Win32.ActiveCfg = ParalleledTests|Win32
		{9C75B1A1-AC72-4382-B58D-DB64E1E7E881}.ParalleledTests|Win32.Build.0 = ParalleledTests|Win32
		{9C75B1A1-AC72-4382-B58D-DB64E1E7E881}.Release|Win32.ActiveCfg = Release|Win32
		{9C75B1A1-AC72-4382-B58D-DB64E1E7E881}.Release|Win32.Build.0 = Release|Win32
	EndGlobalSection
	GlobalSection(SolutionProperties) = preSolution
		HideSolutionNode = FALSE
	EndGlobalSection
EndGlobal
