<?xml version="1.0" encoding="UTF-8" standalone="yes" ?>
<CodeBlocks_project_file>
   <FileVersion major="1" minor="6" />
   <Project>
      <Option title="version_qt_desk" />
      <Option makefile_is_custom="1" />
      <Option compiler="gcc" />
      <Option virtualFolders="CMake Files\;" />
      <Build>
      <Target title="all">
         <Option working_dir="/home/zaqwes/work/apps/coordinator-tasks/version-qt-desk-build" />
         <Option type="4" />
         <MakeCommands>
            <Build command="/usr/bin/make -f &quot;/home/zaqwes/work/apps/coordinator-tasks/version-qt-desk-build/Makefile&quot;  VERBOSE=1 all" />
            <CompileFile command="/usr/bin/make -f &quot;/home/zaqwes/work/apps/coordinator-tasks/version-qt-desk-build/Makefile&quot;  VERBOSE=1 &quot;$file&quot;" />
            <Clean command="/usr/bin/make -f &quot;/home/zaqwes/work/apps/coordinator-tasks/version-qt-desk-build/Makefile&quot;  VERBOSE=1 clean" />
            <DistClean command="/usr/bin/make -f &quot;/home/zaqwes/work/apps/coordinator-tasks/version-qt-desk-build/Makefile&quot;  VERBOSE=1 clean" />
         </MakeCommands>
      </Target>
      <Target title="a.app">
         <Option output="/home/zaqwes/work/apps/coordinator-tasks/version-qt-desk-build/a.app" prefix_auto="0" extension_auto="0" />
         <Option working_dir="/home/zaqwes/work/apps/coordinator-tasks/version-qt-desk-build" />
         <Option object_output="./" />
         <Option type="1" />
         <Option compiler="gcc" />
         <Compiler>
            <Add directory="/home/zaqwes/work/apps/coordinator-tasks/version-qt-desk/../3rdparty/gmock-1.6.0/fused-src" />
            <Add directory="/home/zaqwes/work/apps/coordinator-tasks/version-qt-desk/../3rdparty/loki-0.1.7/include" />
            <Add directory="/home/zaqwes/work/apps/coordinator-tasks/version-qt-desk/src" />
            <Add directory="/home/zaqwes/work/third_party/asl_1.0.43" />
            <Add directory="/home/zaqwes/work/third_party/boost_1_55_0" />
            <Add directory="/usr/include" />
            <Add directory="/usr/include/c++/4.7" />
            <Add directory="/usr/include/c++/4.7/backward" />
            <Add directory="/usr/include/c++/4.7/i486-linux-gnu" />
            <Add directory="/usr/include/i386-linux-gnu" />
            <Add directory="/usr/lib/gcc/i486-linux-gnu/4.7/include" />
            <Add directory="/usr/lib/gcc/i486-linux-gnu/4.7/include-fixed" />
            <Add directory="/usr/local/include" />
         </Compiler>
         <MakeCommands>
            <Build command="/usr/bin/make -f &quot;/home/zaqwes/work/apps/coordinator-tasks/version-qt-desk-build/Makefile&quot;  VERBOSE=1 a.app" />
            <CompileFile command="/usr/bin/make -f &quot;/home/zaqwes/work/apps/coordinator-tasks/version-qt-desk-build/Makefile&quot;  VERBOSE=1 &quot;$file&quot;" />
            <Clean command="/usr/bin/make -f &quot;/home/zaqwes/work/apps/coordinator-tasks/version-qt-desk-build/Makefile&quot;  VERBOSE=1 clean" />
            <DistClean command="/usr/bin/make -f &quot;/home/zaqwes/work/apps/coordinator-tasks/version-qt-desk-build/Makefile&quot;  VERBOSE=1 clean" />
         </MakeCommands>
      </Target>
      <Target title="a.app/fast">
         <Option output="/home/zaqwes/work/apps/coordinator-tasks/version-qt-desk-build/a.app" prefix_auto="0" extension_auto="0" />
         <Option working_dir="/home/zaqwes/work/apps/coordinator-tasks/version-qt-desk-build" />
         <Option object_output="./" />
         <Option type="1" />
         <Option compiler="gcc" />
         <Compiler>
            <Add directory="/home/zaqwes/work/apps/coordinator-tasks/version-qt-desk/../3rdparty/gmock-1.6.0/fused-src" />
            <Add directory="/home/zaqwes/work/apps/coordinator-tasks/version-qt-desk/../3rdparty/loki-0.1.7/include" />
            <Add directory="/home/zaqwes/work/apps/coordinator-tasks/version-qt-desk/src" />
            <Add directory="/home/zaqwes/work/third_party/asl_1.0.43" />
            <Add directory="/home/zaqwes/work/third_party/boost_1_55_0" />
            <Add directory="/usr/include" />
            <Add directory="/usr/include/c++/4.7" />
            <Add directory="/usr/include/c++/4.7/backward" />
            <Add directory="/usr/include/c++/4.7/i486-linux-gnu" />
            <Add directory="/usr/include/i386-linux-gnu" />
            <Add directory="/usr/lib/gcc/i486-linux-gnu/4.7/include" />
            <Add directory="/usr/lib/gcc/i486-linux-gnu/4.7/include-fixed" />
            <Add directory="/usr/local/include" />
         </Compiler>
         <MakeCommands>
            <Build command="/usr/bin/make -f &quot;/home/zaqwes/work/apps/coordinator-tasks/version-qt-desk-build/Makefile&quot;  VERBOSE=1 a.app/fast" />
            <CompileFile command="/usr/bin/make -f &quot;/home/zaqwes/work/apps/coordinator-tasks/version-qt-desk-build/Makefile&quot;  VERBOSE=1 &quot;$file&quot;" />
            <Clean command="/usr/bin/make -f &quot;/home/zaqwes/work/apps/coordinator-tasks/version-qt-desk-build/Makefile&quot;  VERBOSE=1 clean" />
            <DistClean command="/usr/bin/make -f &quot;/home/zaqwes/work/apps/coordinator-tasks/version-qt-desk-build/Makefile&quot;  VERBOSE=1 clean" />
         </MakeCommands>
      </Target>
      <Target title="edit_cache">
         <Option working_dir="/home/zaqwes/work/apps/coordinator-tasks/version-qt-desk-build" />
         <Option type="4" />
         <MakeCommands>
            <Build command="/usr/bin/make -f &quot;/home/zaqwes/work/apps/coordinator-tasks/version-qt-desk-build/Makefile&quot;  VERBOSE=1 edit_cache" />
            <CompileFile command="/usr/bin/make -f &quot;/home/zaqwes/work/apps/coordinator-tasks/version-qt-desk-build/Makefile&quot;  VERBOSE=1 &quot;$file&quot;" />
            <Clean command="/usr/bin/make -f &quot;/home/zaqwes/work/apps/coordinator-tasks/version-qt-desk-build/Makefile&quot;  VERBOSE=1 clean" />
            <DistClean command="/usr/bin/make -f &quot;/home/zaqwes/work/apps/coordinator-tasks/version-qt-desk-build/Makefile&quot;  VERBOSE=1 clean" />
         </MakeCommands>
      </Target>
      <Target title="gtest">
         <Option output="/home/zaqwes/work/apps/coordinator-tasks/version-qt-desk-build/libgtest.so" prefix_auto="0" extension_auto="0" />
         <Option working_dir="/home/zaqwes/work/apps/coordinator-tasks/version-qt-desk-build" />
         <Option object_output="./" />
         <Option type="3" />
         <Option compiler="gcc" />
         <Compiler>
            <Add directory="/home/zaqwes/work/apps/coordinator-tasks/version-qt-desk/../3rdparty/gmock-1.6.0/fused-src" />
            <Add directory="/home/zaqwes/work/apps/coordinator-tasks/version-qt-desk/../3rdparty/loki-0.1.7/include" />
            <Add directory="/home/zaqwes/work/apps/coordinator-tasks/version-qt-desk/src" />
            <Add directory="/home/zaqwes/work/third_party/asl_1.0.43" />
            <Add directory="/home/zaqwes/work/third_party/boost_1_55_0" />
            <Add directory="/usr/include" />
            <Add directory="/usr/include/c++/4.7" />
            <Add directory="/usr/include/c++/4.7/backward" />
            <Add directory="/usr/include/c++/4.7/i486-linux-gnu" />
            <Add directory="/usr/include/i386-linux-gnu" />
            <Add directory="/usr/lib/gcc/i486-linux-gnu/4.7/include" />
            <Add directory="/usr/lib/gcc/i486-linux-gnu/4.7/include-fixed" />
            <Add directory="/usr/local/include" />
         </Compiler>
         <MakeCommands>
            <Build command="/usr/bin/make -f &quot;/home/zaqwes/work/apps/coordinator-tasks/version-qt-desk-build/Makefile&quot;  VERBOSE=1 gtest" />
            <CompileFile command="/usr/bin/make -f &quot;/home/zaqwes/work/apps/coordinator-tasks/version-qt-desk-build/Makefile&quot;  VERBOSE=1 &quot;$file&quot;" />
            <Clean command="/usr/bin/make -f &quot;/home/zaqwes/work/apps/coordinator-tasks/version-qt-desk-build/Makefile&quot;  VERBOSE=1 clean" />
            <DistClean command="/usr/bin/make -f &quot;/home/zaqwes/work/apps/coordinator-tasks/version-qt-desk-build/Makefile&quot;  VERBOSE=1 clean" />
         </MakeCommands>
      </Target>
      <Target title="gtest/fast">
         <Option output="/home/zaqwes/work/apps/coordinator-tasks/version-qt-desk-build/libgtest.so" prefix_auto="0" extension_auto="0" />
         <Option working_dir="/home/zaqwes/work/apps/coordinator-tasks/version-qt-desk-build" />
         <Option object_output="./" />
         <Option type="3" />
         <Option compiler="gcc" />
         <Compiler>
            <Add directory="/home/zaqwes/work/apps/coordinator-tasks/version-qt-desk/../3rdparty/gmock-1.6.0/fused-src" />
            <Add directory="/home/zaqwes/work/apps/coordinator-tasks/version-qt-desk/../3rdparty/loki-0.1.7/include" />
            <Add directory="/home/zaqwes/work/apps/coordinator-tasks/version-qt-desk/src" />
            <Add directory="/home/zaqwes/work/third_party/asl_1.0.43" />
            <Add directory="/home/zaqwes/work/third_party/boost_1_55_0" />
            <Add directory="/usr/include" />
            <Add directory="/usr/include/c++/4.7" />
            <Add directory="/usr/include/c++/4.7/backward" />
            <Add directory="/usr/include/c++/4.7/i486-linux-gnu" />
            <Add directory="/usr/include/i386-linux-gnu" />
            <Add directory="/usr/lib/gcc/i486-linux-gnu/4.7/include" />
            <Add directory="/usr/lib/gcc/i486-linux-gnu/4.7/include-fixed" />
            <Add directory="/usr/local/include" />
         </Compiler>
         <MakeCommands>
            <Build command="/usr/bin/make -f &quot;/home/zaqwes/work/apps/coordinator-tasks/version-qt-desk-build/Makefile&quot;  VERBOSE=1 gtest/fast" />
            <CompileFile command="/usr/bin/make -f &quot;/home/zaqwes/work/apps/coordinator-tasks/version-qt-desk-build/Makefile&quot;  VERBOSE=1 &quot;$file&quot;" />
            <Clean command="/usr/bin/make -f &quot;/home/zaqwes/work/apps/coordinator-tasks/version-qt-desk-build/Makefile&quot;  VERBOSE=1 clean" />
            <DistClean command="/usr/bin/make -f &quot;/home/zaqwes/work/apps/coordinator-tasks/version-qt-desk-build/Makefile&quot;  VERBOSE=1 clean" />
         </MakeCommands>
      </Target>
      <Target title="rebuild_cache">
         <Option working_dir="/home/zaqwes/work/apps/coordinator-tasks/version-qt-desk-build" />
         <Option type="4" />
         <MakeCommands>
            <Build command="/usr/bin/make -f &quot;/home/zaqwes/work/apps/coordinator-tasks/version-qt-desk-build/Makefile&quot;  VERBOSE=1 rebuild_cache" />
            <CompileFile command="/usr/bin/make -f &quot;/home/zaqwes/work/apps/coordinator-tasks/version-qt-desk-build/Makefile&quot;  VERBOSE=1 &quot;$file&quot;" />
            <Clean command="/usr/bin/make -f &quot;/home/zaqwes/work/apps/coordinator-tasks/version-qt-desk-build/Makefile&quot;  VERBOSE=1 clean" />
            <DistClean command="/usr/bin/make -f &quot;/home/zaqwes/work/apps/coordinator-tasks/version-qt-desk-build/Makefile&quot;  VERBOSE=1 clean" />
         </MakeCommands>
      </Target>
      </Build>
      <Unit filename="/home/zaqwes/work/apps/coordinator-tasks/3rdparty/gmock-1.6.0/fused-src/gmock-gtest-all.cc">
      </Unit>
      <Unit filename="/home/zaqwes/work/apps/coordinator-tasks/version-qt-desk/launcher.cc">
      </Unit>
      <Unit filename="/home/zaqwes/work/apps/coordinator-tasks/version-qt-desk/src/canary/app_core.cc">
      </Unit>
      <Unit filename="/home/zaqwes/work/apps/coordinator-tasks/version-qt-desk/src/canary/app_core_test.cc">
      </Unit>
      <Unit filename="/home/zaqwes/work/apps/coordinator-tasks/version-qt-desk/src/canary/entities.cc">
      </Unit>
      <Unit filename="/home/zaqwes/work/apps/coordinator-tasks/version-qt-desk/src/canary/entities_test.cc">
      </Unit>
      <Unit filename="/home/zaqwes/work/apps/coordinator-tasks/version-qt-desk/src/canary/filters.cc">
      </Unit>
      <Unit filename="/home/zaqwes/work/apps/coordinator-tasks/version-qt-desk/src/canary/pq_queries.cc">
      </Unit>
      <Unit filename="/home/zaqwes/work/apps/coordinator-tasks/version-qt-desk/src/canary/pq_queries_test.cc">
      </Unit>
      <Unit filename="/home/zaqwes/work/apps/coordinator-tasks/version-qt-desk/src/canary/renders.cc">
      </Unit>
      <Unit filename="/home/zaqwes/work/apps/coordinator-tasks/version-qt-desk/src/htable_adapt_test.cc">
      </Unit>
      <Unit filename="/home/zaqwes/work/apps/coordinator-tasks/version-qt-desk/src/test_help_data.cc">
      </Unit>
      <Unit filename="/home/zaqwes/work/apps/coordinator-tasks/version-qt-desk/src/canary/app_core.h">
      </Unit>
      <Unit filename="/home/zaqwes/work/apps/coordinator-tasks/version-qt-desk/src/canary/entities.h">
      </Unit>
      <Unit filename="/home/zaqwes/work/apps/coordinator-tasks/version-qt-desk/src/canary/filters.h">
      </Unit>
      <Unit filename="/home/zaqwes/work/apps/coordinator-tasks/version-qt-desk/src/canary/pq_queries.h">
      </Unit>
      <Unit filename="/home/zaqwes/work/apps/coordinator-tasks/version-qt-desk/src/canary/renders.h">
      </Unit>
      <Unit filename="/home/zaqwes/work/apps/coordinator-tasks/version-qt-desk/src/test_help_data.h">
      </Unit>
      <Unit filename="/home/zaqwes/work/apps/coordinator-tasks/version-qt-desk/CMakeLists.txt">
          <Option virtualFolder="CMake Files\" />
      </Unit>
   </Project>
</CodeBlocks_project_file>
